
Microsoft Visual Studio Solution File, Format Version 12.00
# Visual Studio Version 17
VisualStudioVersion = 17.13.35931.197 d17.13
MinimumVisualStudioVersion = 10.0.40219.1
Project("{FAE04EC0-301F-11D3-BF4B-00C04F79EFBC}") = "пр 3", "пр 3\пр 3.csproj", "{B1E63D1F-76E2-4AEA-A4F4-93E5F699F38D}"
EndProject
Global
	GlobalSection(SolutionConfigurationPlatforms) = preSolution
		Debug|Any CPU = Debug|Any CPU
		Release|Any CPU = Release|Any CPU
	EndGlobalSection
	GlobalSection(ProjectConfigurationPlatforms) = postSolution
		{B1E63D1F-76E2-4AEA-A4F4-93E5F699F38D}.Debug|Any CPU.ActiveCfg = Debug|Any CPU
		{B1E63D1F-76E2-4AEA-A4F4-93E5F699F38D}.Debug|Any CPU.Build.0 = Debug|Any CPU
		{B1E63D1F-76E2-4AEA-A4F4-93E5F699F38D}.Release|Any CPU.ActiveCfg = Release|Any CPU
		{B1E63D1F-76E2-4AEA-A4F4-93E5F699F38D}.Release|Any CPU.Build.0 = Release|Any CPU
	EndGlobalSection
	GlobalSection(SolutionProperties) = preSolution
		HideSolutionNode = FALSE
	EndGlobalSection
	GlobalSection(ExtensibilityGlobals) = postSolution
		SolutionGuid = {5801E12F-D08E-40F0-B889-B41F02691971}
	EndGlobalSection
EndGlobal
